
Microsoft Visual Studio Solution File, Format Version 12.00
# Visual Studio Version 17
VisualStudioVersion = 17.2.32602.215
MinimumVisualStudioVersion = 10.0.40219.1
Project("{9A19103F-16F7-4668-BE54-9A1E7A4F7556}") = "Workspace.Server", "Workspace\Server\Workspace.Server.csproj", "{41AC1CFD-AEAB-4228-B23A-FD48DF2E3063}"
EndProject
Project("{9A19103F-16F7-4668-BE54-9A1E7A4F7556}") = "Workspace.Client", "Workspace\Client\Workspace.Client.csproj", "{E3007063-5688-4FE6-9B58-7D5EF5BC76E0}"
EndProject
Project("{9A19103F-16F7-4668-BE54-9A1E7A4F7556}") = "Workspace.Shared", "Workspace\Shared\Workspace.Shared.csproj", "{31C90A34-5299-4D7E-9E91-E10A8662EAEC}"
EndProject
Project("{2150E333-8FDC-42A3-9474-1A3956D46DE8}") = "Solution Items", "Solution Items", "{1A7E2AFB-77E8-40F0-A2E3-7963A328B41A}"
	ProjectSection(SolutionItems) = preProject
		README.md = README.md
	EndProjectSection
EndProject
Project("{2150E333-8FDC-42A3-9474-1A3956D46DE8}") = "workspace.vsag.ch", "workspace.vsag.ch", "{61C05B3E-920E-4898-B5C1-6316BBFC5E10}"
EndProject
Project("{2150E333-8FDC-42A3-9474-1A3956D46DE8}") = "admin.workspace.vsag.ch", "admin.workspace.vsag.ch", "{3D9F66EB-8C16-4C87-9DB8-AE9FAD170663}"
EndProject
Project("{9A19103F-16F7-4668-BE54-9A1E7A4F7556}") = "DataAccessLayer", "DataAccessLayer\DataAccessLayer.csproj", "{D0E5963B-C76B-478E-85CA-808D7B66926B}"
EndProject
Project("{2150E333-8FDC-42A3-9474-1A3956D46DE8}") = "Tests", "Tests", "{25A3424E-89D7-4F34-887D-02F0AD053510}"
	ProjectSection(SolutionItems) = preProject
		Info.txt = Info.txt
	EndProjectSection
EndProject
Project("{2150E333-8FDC-42A3-9474-1A3956D46DE8}") = "SolutionClassLibraries", "SolutionClassLibraries", "{1DAB1538-8FD1-4A5A-A32A-DC0388766F80}"
EndProject
Project("{9A19103F-16F7-4668-BE54-9A1E7A4F7556}") = "WorkspaceComponent", "WorkspaceComponent\WorkspaceComponent.csproj", "{3C314A01-DA2E-414C-8943-9585EA61E5E9}"
EndProject
Project("{9A19103F-16F7-4668-BE54-9A1E7A4F7556}") = "WorkspaceServices", "WorkspaceServices\WorkspaceServices.csproj", "{63BC363A-E76D-46AB-9747-0A5DB87D675E}"
EndProject
Project("{9A19103F-16F7-4668-BE54-9A1E7A4F7556}") = "admin.workspace.Client", "auth.workspace\Client\admin.workspace.Client.csproj", "{B8DDE1B5-6FD2-44EE-9B88-E24BBB89946B}"
EndProject
Project("{9A19103F-16F7-4668-BE54-9A1E7A4F7556}") = "admin.workspace.Server", "auth.workspace\Server\admin.workspace.Server.csproj", "{A47E870D-6DD4-486A-A94B-E30AF907A61F}"
EndProject
Project("{2150E333-8FDC-42A3-9474-1A3956D46DE8}") = "Utils", "Utils", "{5E420A74-FB78-47E8-A214-73B98247D725}"
EndProject
Project("{9A19103F-16F7-4668-BE54-9A1E7A4F7556}") = "ApprovalPath_Utils", "ApprovalPath_Utils\ApprovalPath_Utils.csproj", "{6CE0AB79-1011-4F7E-A390-8A44C87F5DE0}"
EndProject
Project("{9A19103F-16F7-4668-BE54-9A1E7A4F7556}") = "RazorComponentLib", "RazorComponentLib\RazorComponentLib.csproj", "{118E0F0A-F0DA-4314-9992-BB16E5F54FF2}"
EndProject
Project("{9A19103F-16F7-4668-BE54-9A1E7A4F7556}") = "Workspace.Tests", "Workspace.Tests\Workspace.Tests.csproj", "{4CF4F2A3-D7DC-44B0-B61E-60C24FFC86E6}"
EndProject
Global
	GlobalSection(SolutionConfigurationPlatforms) = preSolution
		Debug|Any CPU = Debug|Any CPU
		Release|Any CPU = Release|Any CPU
	EndGlobalSection
	GlobalSection(ProjectConfigurationPlatforms) = postSolution
		{41AC1CFD-AEAB-4228-B23A-FD48DF2E3063}.Debug|Any CPU.ActiveCfg = Debug|Any CPU
		{41AC1CFD-AEAB-4228-B23A-FD48DF2E3063}.Debug|Any CPU.Build.0 = Debug|Any CPU
		{41AC1CFD-AEAB-4228-B23A-FD48DF2E3063}.Release|Any CPU.ActiveCfg = Release|Any CPU
		{41AC1CFD-AEAB-4228-B23A-FD48DF2E3063}.Release|Any CPU.Build.0 = Release|Any CPU
		{E3007063-5688-4FE6-9B58-7D5EF5BC76E0}.Debug|Any CPU.ActiveCfg = Debug|Any CPU
		{E3007063-5688-4FE6-9B58-7D5EF5BC76E0}.Debug|Any CPU.Build.0 = Debug|Any CPU
		{E3007063-5688-4FE6-9B58-7D5EF5BC76E0}.Release|Any CPU.ActiveCfg = Release|Any CPU
		{E3007063-5688-4FE6-9B58-7D5EF5BC76E0}.Release|Any CPU.Build.0 = Release|Any CPU
		{31C90A34-5299-4D7E-9E91-E10A8662EAEC}.Debug|Any CPU.ActiveCfg = Debug|Any CPU
		{31C90A34-5299-4D7E-9E91-E10A8662EAEC}.Debug|Any CPU.Build.0 = Debug|Any CPU
		{31C90A34-5299-4D7E-9E91-E10A8662EAEC}.Release|Any CPU.ActiveCfg = Release|Any CPU
		{31C90A34-5299-4D7E-9E91-E10A8662EAEC}.Release|Any CPU.Build.0 = Release|Any CPU
		{D0E5963B-C76B-478E-85CA-808D7B66926B}.Debug|Any CPU.ActiveCfg = Debug|Any CPU
		{D0E5963B-C76B-478E-85CA-808D7B66926B}.Debug|Any CPU.Build.0 = Debug|Any CPU
		{D0E5963B-C76B-478E-85CA-808D7B66926B}.Release|Any CPU.ActiveCfg = Release|Any CPU
		{D0E5963B-C76B-478E-85CA-808D7B66926B}.Release|Any CPU.Build.0 = Release|Any CPU
		{3C314A01-DA2E-414C-8943-9585EA61E5E9}.Debug|Any CPU.ActiveCfg = Debug|Any CPU
		{3C314A01-DA2E-414C-8943-9585EA61E5E9}.Debug|Any CPU.Build.0 = Debug|Any CPU
		{3C314A01-DA2E-414C-8943-9585EA61E5E9}.Release|Any CPU.ActiveCfg = Release|Any CPU
		{3C314A01-DA2E-414C-8943-9585EA61E5E9}.Release|Any CPU.Build.0 = Release|Any CPU
		{63BC363A-E76D-46AB-9747-0A5DB87D675E}.Debug|Any CPU.ActiveCfg = Debug|Any CPU
		{63BC363A-E76D-46AB-9747-0A5DB87D675E}.Debug|Any CPU.Build.0 = Debug|Any CPU
		{63BC363A-E76D-46AB-9747-0A5DB87D675E}.Release|Any CPU.ActiveCfg = Release|Any CPU
		{63BC363A-E76D-46AB-9747-0A5DB87D675E}.Release|Any CPU.Build.0 = Release|Any CPU
		{B8DDE1B5-6FD2-44EE-9B88-E24BBB89946B}.Debug|Any CPU.ActiveCfg = Debug|Any CPU
		{B8DDE1B5-6FD2-44EE-9B88-E24BBB89946B}.Debug|Any CPU.Build.0 = Debug|Any CPU
		{B8DDE1B5-6FD2-44EE-9B88-E24BBB89946B}.Release|Any CPU.ActiveCfg = Release|Any CPU
		{B8DDE1B5-6FD2-44EE-9B88-E24BBB89946B}.Release|Any CPU.Build.0 = Release|Any CPU
		{A47E870D-6DD4-486A-A94B-E30AF907A61F}.Debug|Any CPU.ActiveCfg = Debug|Any CPU
		{A47E870D-6DD4-486A-A94B-E30AF907A61F}.Debug|Any CPU.Build.0 = Debug|Any CPU
		{A47E870D-6DD4-486A-A94B-E30AF907A61F}.Release|Any CPU.ActiveCfg = Release|Any CPU
		{A47E870D-6DD4-486A-A94B-E30AF907A61F}.Release|Any CPU.Build.0 = Release|Any CPU
		{6CE0AB79-1011-4F7E-A390-8A44C87F5DE0}.Debug|Any CPU.ActiveCfg = Debug|Any CPU
		{6CE0AB79-1011-4F7E-A390-8A44C87F5DE0}.Debug|Any CPU.Build.0 = Debug|Any CPU
		{6CE0AB79-1011-4F7E-A390-8A44C87F5DE0}.Release|Any CPU.ActiveCfg = Release|Any CPU
		{6CE0AB79-1011-4F7E-A390-8A44C87F5DE0}.Release|Any CPU.Build.0 = Release|Any CPU
		{118E0F0A-F0DA-4314-9992-BB16E5F54FF2}.Debug|Any CPU.ActiveCfg = Debug|Any CPU
		{118E0F0A-F0DA-4314-9992-BB16E5F54FF2}.Debug|Any CPU.Build.0 = Debug|Any CPU
		{118E0F0A-F0DA-4314-9992-BB16E5F54FF2}.Release|Any CPU.ActiveCfg = Release|Any CPU
		{118E0F0A-F0DA-4314-9992-BB16E5F54FF2}.Release|Any CPU.Build.0 = Release|Any CPU
		{4CF4F2A3-D7DC-44B0-B61E-60C24FFC86E6}.Debug|Any CPU.ActiveCfg = Debug|Any CPU
		{4CF4F2A3-D7DC-44B0-B61E-60C24FFC86E6}.Debug|Any CPU.Build.0 = Debug|Any CPU
		{4CF4F2A3-D7DC-44B0-B61E-60C24FFC86E6}.Release|Any CPU.ActiveCfg = Release|Any CPU
		{4CF4F2A3-D7DC-44B0-B61E-60C24FFC86E6}.Release|Any CPU.Build.0 = Release|Any CPU
	EndGlobalSection
	GlobalSection(SolutionProperties) = preSolution
		HideSolutionNode = FALSE
	EndGlobalSection
	GlobalSection(NestedProjects) = preSolution
		{41AC1CFD-AEAB-4228-B23A-FD48DF2E3063} = {61C05B3E-920E-4898-B5C1-6316BBFC5E10}
		{E3007063-5688-4FE6-9B58-7D5EF5BC76E0} = {61C05B3E-920E-4898-B5C1-6316BBFC5E10}
		{3C314A01-DA2E-414C-8943-9585EA61E5E9} = {1DAB1538-8FD1-4A5A-A32A-DC0388766F80}
		{63BC363A-E76D-46AB-9747-0A5DB87D675E} = {1DAB1538-8FD1-4A5A-A32A-DC0388766F80}
		{B8DDE1B5-6FD2-44EE-9B88-E24BBB89946B} = {3D9F66EB-8C16-4C87-9DB8-AE9FAD170663}
		{A47E870D-6DD4-486A-A94B-E30AF907A61F} = {3D9F66EB-8C16-4C87-9DB8-AE9FAD170663}
		{4CF4F2A3-D7DC-44B0-B61E-60C24FFC86E6} = {25A3424E-89D7-4F34-887D-02F0AD053510}
	EndGlobalSection
	GlobalSection(ExtensibilityGlobals) = postSolution
		SolutionGuid = {BF062A58-038C-409C-BC0D-5B02E04D0123}
	EndGlobalSection
EndGlobal
