
Microsoft Visual Studio Solution File, Format Version 12.00
# Visual Studio Version 17
VisualStudioVersion = 17.2.32602.215
MinimumVisualStudioVersion = 10.0.40219.1
Project("{9A19103F-16F7-4668-BE54-9A1E7A4F7556}") = "Workspace.Server", "Workspace\Server\Workspace.Server.csproj", "{41AC1CFD-AEAB-4228-B23A-FD48DF2E3063}"
EndProject
Project("{9A19103F-16F7-4668-BE54-9A1E7A4F7556}") = "Workspace.Client", "Workspace\Client\Workspace.Client.csproj", "{E3007063-5688-4FE6-9B58-7D5EF5BC76E0}"
EndProject
Project("{9A19103F-16F7-4668-BE54-9A1E7A4F7556}") = "Workspace.Shared", "Workspace\Shared\Workspace.Shared.csproj", "{31C90A34-5299-4D7E-9E91-E10A8662EAEC}"
EndProject
Project("{2150E333-8FDC-42A3-9474-1A3956D46DE8}") = "workspace.vsag.ch", "workspace.vsag.ch", "{61C05B3E-920E-4898-B5C1-6316BBFC5E10}"
EndProject
Project("{2150E333-8FDC-42A3-9474-1A3956D46DE8}") = "admin.workspace.vsag.ch", "admin.workspace.vsag.ch", "{3D9F66EB-8C16-4C87-9DB8-AE9FAD170663}"
EndProject
Project("{9A19103F-16F7-4668-BE54-9A1E7A4F7556}") = "DataAccessLayer", "DataAccessLayer\DataAccessLayer.csproj", "{D0E5963B-C76B-478E-85CA-808D7B66926B}"
EndProject
Project("{2150E333-8FDC-42A3-9474-1A3956D46DE8}") = "Tests", "Tests", "{25A3424E-89D7-4F34-887D-02F0AD053510}"
	ProjectSection(SolutionItems) = preProject
		Info.txt = Info.txt
	EndProjectSection
EndProject
Project("{2150E333-8FDC-42A3-9474-1A3956D46DE8}") = "SolutionClassLibraries", "SolutionClassLibraries", "{1DAB1538-8FD1-4A5A-A32A-DC0388766F80}"
EndProject
Project("{9A19103F-16F7-4668-BE54-9A1E7A4F7556}") = "Workspace.Tests", "Workspace.Tests\Workspace.Tests.csproj", "{4CF4F2A3-D7DC-44B0-B61E-60C24FFC86E6}"
EndProject
Project("{9A19103F-16F7-4668-BE54-9A1E7A4F7556}") = "admin.workspace.Client", "Admin.workspace\Client\admin.workspace.Client.csproj", "{B1D01B99-F895-423D-9175-8529D4B36CCB}"
EndProject
Project("{9A19103F-16F7-4668-BE54-9A1E7A4F7556}") = "admin.workspace.Server", "Admin.workspace\Server\admin.workspace.Server.csproj", "{72639EA6-99C4-4A56-A936-15C801C47AA7}"
EndProject
Project("{9A19103F-16F7-4668-BE54-9A1E7A4F7556}") = "WorkspaceComponent", "SolutionClassLibraries\WorkspaceComponent\WorkspaceComponent.csproj", "{1E53B44C-0ED9-4939-88CC-67BD1E5A54F9}"
EndProject
Project("{9A19103F-16F7-4668-BE54-9A1E7A4F7556}") = "WorkspaceServices", "SolutionClassLibraries\WorkspaceServices\WorkspaceServices.csproj", "{47C2317E-3136-4FB2-BC5C-FD30F360BD27}"
EndProject
Project("{9A19103F-16F7-4668-BE54-9A1E7A4F7556}") = "RazorComponentLib", "SolutionClassLibraries\RazorComponentLib\RazorComponentLib.csproj", "{9B3CE531-8135-4454-B3DF-7937C9E6FE45}"
EndProject
Project("{9A19103F-16F7-4668-BE54-9A1E7A4F7556}") = "ApprovalPath_Utils", "SolutionClassLibraries\ApprovalPath_Utils\ApprovalPath_Utils.csproj", "{328F4A32-A0E8-4743-8F7F-6F7D4C8EEDD3}"
EndProject
Project("{2150E333-8FDC-42A3-9474-1A3956D46DE8}") = "Solution Items", "Solution Items", "{F14E81FA-FDFB-42E1-A295-44FEC7BB2AD3}"
	ProjectSection(SolutionItems) = preProject
		README.md = README.md
	EndProjectSection
EndProject
Global
	GlobalSection(SolutionConfigurationPlatforms) = preSolution
		Debug|Any CPU = Debug|Any CPU
		Release|Any CPU = Release|Any CPU
	EndGlobalSection
	GlobalSection(ProjectConfigurationPlatforms) = postSolution
		{41AC1CFD-AEAB-4228-B23A-FD48DF2E3063}.Debug|Any CPU.ActiveCfg = Debug|Any CPU
		{41AC1CFD-AEAB-4228-B23A-FD48DF2E3063}.Debug|Any CPU.Build.0 = Debug|Any CPU
		{41AC1CFD-AEAB-4228-B23A-FD48DF2E3063}.Release|Any CPU.ActiveCfg = Release|Any CPU
		{41AC1CFD-AEAB-4228-B23A-FD48DF2E3063}.Release|Any CPU.Build.0 = Release|Any CPU
		{E3007063-5688-4FE6-9B58-7D5EF5BC76E0}.Debug|Any CPU.ActiveCfg = Debug|Any CPU
		{E3007063-5688-4FE6-9B58-7D5EF5BC76E0}.Debug|Any CPU.Build.0 = Debug|Any CPU
		{E3007063-5688-4FE6-9B58-7D5EF5BC76E0}.Release|Any CPU.ActiveCfg = Release|Any CPU
		{E3007063-5688-4FE6-9B58-7D5EF5BC76E0}.Release|Any CPU.Build.0 = Release|Any CPU
		{31C90A34-5299-4D7E-9E91-E10A8662EAEC}.Debug|Any CPU.ActiveCfg = Debug|Any CPU
		{31C90A34-5299-4D7E-9E91-E10A8662EAEC}.Debug|Any CPU.Build.0 = Debug|Any CPU
		{31C90A34-5299-4D7E-9E91-E10A8662EAEC}.Release|Any CPU.ActiveCfg = Release|Any CPU
		{31C90A34-5299-4D7E-9E91-E10A8662EAEC}.Release|Any CPU.Build.0 = Release|Any CPU
		{D0E5963B-C76B-478E-85CA-808D7B66926B}.Debug|Any CPU.ActiveCfg = Debug|Any CPU
		{D0E5963B-C76B-478E-85CA-808D7B66926B}.Debug|Any CPU.Build.0 = Debug|Any CPU
		{D0E5963B-C76B-478E-85CA-808D7B66926B}.Release|Any CPU.ActiveCfg = Release|Any CPU
		{D0E5963B-C76B-478E-85CA-808D7B66926B}.Release|Any CPU.Build.0 = Release|Any CPU
		{4CF4F2A3-D7DC-44B0-B61E-60C24FFC86E6}.Debug|Any CPU.ActiveCfg = Debug|Any CPU
		{4CF4F2A3-D7DC-44B0-B61E-60C24FFC86E6}.Debug|Any CPU.Build.0 = Debug|Any CPU
		{4CF4F2A3-D7DC-44B0-B61E-60C24FFC86E6}.Release|Any CPU.ActiveCfg = Release|Any CPU
		{4CF4F2A3-D7DC-44B0-B61E-60C24FFC86E6}.Release|Any CPU.Build.0 = Release|Any CPU
		{B1D01B99-F895-423D-9175-8529D4B36CCB}.Debug|Any CPU.ActiveCfg = Debug|Any CPU
		{B1D01B99-F895-423D-9175-8529D4B36CCB}.Debug|Any CPU.Build.0 = Debug|Any CPU
		{B1D01B99-F895-423D-9175-8529D4B36CCB}.Release|Any CPU.ActiveCfg = Release|Any CPU
		{B1D01B99-F895-423D-9175-8529D4B36CCB}.Release|Any CPU.Build.0 = Release|Any CPU
		{72639EA6-99C4-4A56-A936-15C801C47AA7}.Debug|Any CPU.ActiveCfg = Debug|Any CPU
		{72639EA6-99C4-4A56-A936-15C801C47AA7}.Debug|Any CPU.Build.0 = Debug|Any CPU
		{72639EA6-99C4-4A56-A936-15C801C47AA7}.Release|Any CPU.ActiveCfg = Release|Any CPU
		{72639EA6-99C4-4A56-A936-15C801C47AA7}.Release|Any CPU.Build.0 = Release|Any CPU
		{1E53B44C-0ED9-4939-88CC-67BD1E5A54F9}.Debug|Any CPU.ActiveCfg = Debug|Any CPU
		{1E53B44C-0ED9-4939-88CC-67BD1E5A54F9}.Debug|Any CPU.Build.0 = Debug|Any CPU
		{1E53B44C-0ED9-4939-88CC-67BD1E5A54F9}.Release|Any CPU.ActiveCfg = Release|Any CPU
		{1E53B44C-0ED9-4939-88CC-67BD1E5A54F9}.Release|Any CPU.Build.0 = Release|Any CPU
		{47C2317E-3136-4FB2-BC5C-FD30F360BD27}.Debug|Any CPU.ActiveCfg = Debug|Any CPU
		{47C2317E-3136-4FB2-BC5C-FD30F360BD27}.Debug|Any CPU.Build.0 = Debug|Any CPU
		{47C2317E-3136-4FB2-BC5C-FD30F360BD27}.Release|Any CPU.ActiveCfg = Release|Any CPU
		{47C2317E-3136-4FB2-BC5C-FD30F360BD27}.Release|Any CPU.Build.0 = Release|Any CPU
		{9B3CE531-8135-4454-B3DF-7937C9E6FE45}.Debug|Any CPU.ActiveCfg = Debug|Any CPU
		{9B3CE531-8135-4454-B3DF-7937C9E6FE45}.Debug|Any CPU.Build.0 = Debug|Any CPU
		{9B3CE531-8135-4454-B3DF-7937C9E6FE45}.Release|Any CPU.ActiveCfg = Release|Any CPU
		{9B3CE531-8135-4454-B3DF-7937C9E6FE45}.Release|Any CPU.Build.0 = Release|Any CPU
		{328F4A32-A0E8-4743-8F7F-6F7D4C8EEDD3}.Debug|Any CPU.ActiveCfg = Debug|Any CPU
		{328F4A32-A0E8-4743-8F7F-6F7D4C8EEDD3}.Debug|Any CPU.Build.0 = Debug|Any CPU
		{328F4A32-A0E8-4743-8F7F-6F7D4C8EEDD3}.Release|Any CPU.ActiveCfg = Release|Any CPU
		{328F4A32-A0E8-4743-8F7F-6F7D4C8EEDD3}.Release|Any CPU.Build.0 = Release|Any CPU
	EndGlobalSection
	GlobalSection(SolutionProperties) = preSolution
		HideSolutionNode = FALSE
	EndGlobalSection
	GlobalSection(NestedProjects) = preSolution
		{41AC1CFD-AEAB-4228-B23A-FD48DF2E3063} = {61C05B3E-920E-4898-B5C1-6316BBFC5E10}
		{E3007063-5688-4FE6-9B58-7D5EF5BC76E0} = {61C05B3E-920E-4898-B5C1-6316BBFC5E10}
		{4CF4F2A3-D7DC-44B0-B61E-60C24FFC86E6} = {25A3424E-89D7-4F34-887D-02F0AD053510}
		{B1D01B99-F895-423D-9175-8529D4B36CCB} = {3D9F66EB-8C16-4C87-9DB8-AE9FAD170663}
		{72639EA6-99C4-4A56-A936-15C801C47AA7} = {3D9F66EB-8C16-4C87-9DB8-AE9FAD170663}
		{1E53B44C-0ED9-4939-88CC-67BD1E5A54F9} = {1DAB1538-8FD1-4A5A-A32A-DC0388766F80}
		{47C2317E-3136-4FB2-BC5C-FD30F360BD27} = {1DAB1538-8FD1-4A5A-A32A-DC0388766F80}
		{9B3CE531-8135-4454-B3DF-7937C9E6FE45} = {1DAB1538-8FD1-4A5A-A32A-DC0388766F80}
		{328F4A32-A0E8-4743-8F7F-6F7D4C8EEDD3} = {1DAB1538-8FD1-4A5A-A32A-DC0388766F80}
	EndGlobalSection
	GlobalSection(ExtensibilityGlobals) = postSolution
		SolutionGuid = {BF062A58-038C-409C-BC0D-5B02E04D0123}
	EndGlobalSection
EndGlobal
